
Microsoft Visual Studio Solution File, Format Version 12.00
# Visual Studio 14
VisualStudioVersion = 14.0.25420.1
MinimumVisualStudioVersion = 10.0.40219.1
Project("{FAE04EC0-301F-11D3-BF4B-00C04F79EFBC}") = "DataAccess", "DataAccess\DataAccess.csproj", "{58F8F3D3-36BC-4A2D-9855-C68CD4A01C4A}"
EndProject
Project("{FAE04EC0-301F-11D3-BF4B-00C04F79EFBC}") = "BusinessLogic", "BusinessLogic\BusinessLogic.csproj", "{B9866C16-853B-4A34-A1B5-F56624CF25E5}"
EndProject
Project("{FAE04EC0-301F-11D3-BF4B-00C04F79EFBC}") = "WebDomain", "WebDomain\WebDomain.csproj", "{8A813B1D-E7A9-441C-907B-E63EC236438E}"
EndProject
Global
	GlobalSection(SolutionConfigurationPlatforms) = preSolution
		Debug|Any CPU = Debug|Any CPU
		Release|Any CPU = Release|Any CPU
	EndGlobalSection
	GlobalSection(ProjectConfigurationPlatforms) = postSolution
		{58F8F3D3-36BC-4A2D-9855-C68CD4A01C4A}.Debug|Any CPU.ActiveCfg = Debug|Any CPU
		{58F8F3D3-36BC-4A2D-9855-C68CD4A01C4A}.Debug|Any CPU.Build.0 = Debug|Any CPU
		{58F8F3D3-36BC-4A2D-9855-C68CD4A01C4A}.Release|Any CPU.ActiveCfg = Release|Any CPU
		{58F8F3D3-36BC-4A2D-9855-C68CD4A01C4A}.Release|Any CPU.Build.0 = Release|Any CPU
		{B9866C16-853B-4A34-A1B5-F56624CF25E5}.Debug|Any CPU.ActiveCfg = Debug|Any CPU
		{B9866C16-853B-4A34-A1B5-F56624CF25E5}.Debug|Any CPU.Build.0 = Debug|Any CPU
		{B9866C16-853B-4A34-A1B5-F56624CF25E5}.Release|Any CPU.ActiveCfg = Release|Any CPU
		{B9866C16-853B-4A34-A1B5-F56624CF25E5}.Release|Any CPU.Build.0 = Release|Any CPU
		{8A813B1D-E7A9-441C-907B-E63EC236438E}.Debug|Any CPU.ActiveCfg = Debug|Any CPU
		{8A813B1D-E7A9-441C-907B-E63EC236438E}.Debug|Any CPU.Build.0 = Debug|Any CPU
		{8A813B1D-E7A9-441C-907B-E63EC236438E}.Release|Any CPU.ActiveCfg = Release|Any CPU
		{8A813B1D-E7A9-441C-907B-E63EC236438E}.Release|Any CPU.Build.0 = Release|Any CPU
	EndGlobalSection
	GlobalSection(SolutionProperties) = preSolution
		HideSolutionNode = FALSE
	EndGlobalSection
EndGlobal
